
Microsoft Visual Studio Solution File, Format Version 12.00
# Visual Studio Version 17
VisualStudioVersion = 17.0.32112.339
MinimumVisualStudioVersion = 10.0.40219.1
Project("{9A19103F-16F7-4668-BE54-9A1E7A4F7556}") = "Chamados.Service.Domain", "src\Domain\Chamados.Service.Domain.csproj", "{CF66EB35-06DB-4872-B477-3B88D6323756}"
EndProject
Project("{9A19103F-16F7-4668-BE54-9A1E7A4F7556}") = "Chamados.Service.Toolkit", "src\Toolkit\Chamados.Service.Toolkit.csproj", "{4A97A22B-59EE-4551-9292-102060BAE9E3}"
EndProject
Project("{9A19103F-16F7-4668-BE54-9A1E7A4F7556}") = "Chamados.Service.Application", "src\Application\Chamados.Service.Application.csproj", "{9CE7F548-2E8F-4111-AE28-343E88801B4D}"
EndProject
Project("{9A19103F-16F7-4668-BE54-9A1E7A4F7556}") = "Chamados.Service.Infra.Data", "src\Infra.Data\Chamados.Service.Infra.Data.csproj", "{827F83F0-B138-4EDB-B7D4-10B6506F14CB}"
EndProject
Project("{9A19103F-16F7-4668-BE54-9A1E7A4F7556}") = "Chamados.Service.IoC", "src\IoC\Chamados.Service.IoC.csproj", "{3A20A98A-9DC3-49C9-98E8-A89BDB0D00FE}"
EndProject
Project("{9A19103F-16F7-4668-BE54-9A1E7A4F7556}") = "Chamados.Service.Api", "src\Api\Chamados.Service.Api.csproj", "{3A2F9689-C1C5-4E57-8E09-837042E1F2C3}"
EndProject
Project("{9A19103F-16F7-4668-BE54-9A1E7A4F7556}") = "Chamados.Service.Tests", "test\Chamados.Service.Tests.csproj", "{AFEC3ED6-E4FF-40BD-B5F0-E697FB0A78BD}"
EndProject
Project("{2150E333-8FDC-42A3-9474-1A3956D46DE8}") = "Solution Items", "Solution Items", "{B2FF6F1E-1200-4DB4-82DF-236279109988}"
	ProjectSection(SolutionItems) = preProject
		editorconfig = editorconfig
	EndProjectSection
EndProject
Global
	GlobalSection(SolutionConfigurationPlatforms) = preSolution
		Debug|Any CPU = Debug|Any CPU
		Release|Any CPU = Release|Any CPU
	EndGlobalSection
	GlobalSection(ProjectConfigurationPlatforms) = postSolution
		{CF66EB35-06DB-4872-B477-3B88D6323756}.Debug|Any CPU.ActiveCfg = Debug|Any CPU
		{CF66EB35-06DB-4872-B477-3B88D6323756}.Debug|Any CPU.Build.0 = Debug|Any CPU
		{CF66EB35-06DB-4872-B477-3B88D6323756}.Release|Any CPU.ActiveCfg = Release|Any CPU
		{CF66EB35-06DB-4872-B477-3B88D6323756}.Release|Any CPU.Build.0 = Release|Any CPU
		{4A97A22B-59EE-4551-9292-102060BAE9E3}.Debug|Any CPU.ActiveCfg = Debug|Any CPU
		{4A97A22B-59EE-4551-9292-102060BAE9E3}.Debug|Any CPU.Build.0 = Debug|Any CPU
		{4A97A22B-59EE-4551-9292-102060BAE9E3}.Release|Any CPU.ActiveCfg = Release|Any CPU
		{4A97A22B-59EE-4551-9292-102060BAE9E3}.Release|Any CPU.Build.0 = Release|Any CPU
		{9CE7F548-2E8F-4111-AE28-343E88801B4D}.Debug|Any CPU.ActiveCfg = Debug|Any CPU
		{9CE7F548-2E8F-4111-AE28-343E88801B4D}.Debug|Any CPU.Build.0 = Debug|Any CPU
		{9CE7F548-2E8F-4111-AE28-343E88801B4D}.Release|Any CPU.ActiveCfg = Release|Any CPU
		{9CE7F548-2E8F-4111-AE28-343E88801B4D}.Release|Any CPU.Build.0 = Release|Any CPU
		{827F83F0-B138-4EDB-B7D4-10B6506F14CB}.Debug|Any CPU.ActiveCfg = Debug|Any CPU
		{827F83F0-B138-4EDB-B7D4-10B6506F14CB}.Debug|Any CPU.Build.0 = Debug|Any CPU
		{827F83F0-B138-4EDB-B7D4-10B6506F14CB}.Release|Any CPU.ActiveCfg = Release|Any CPU
		{827F83F0-B138-4EDB-B7D4-10B6506F14CB}.Release|Any CPU.Build.0 = Release|Any CPU
		{3A20A98A-9DC3-49C9-98E8-A89BDB0D00FE}.Debug|Any CPU.ActiveCfg = Debug|Any CPU
		{3A20A98A-9DC3-49C9-98E8-A89BDB0D00FE}.Debug|Any CPU.Build.0 = Debug|Any CPU
		{3A20A98A-9DC3-49C9-98E8-A89BDB0D00FE}.Release|Any CPU.ActiveCfg = Release|Any CPU
		{3A20A98A-9DC3-49C9-98E8-A89BDB0D00FE}.Release|Any CPU.Build.0 = Release|Any CPU
		{3A2F9689-C1C5-4E57-8E09-837042E1F2C3}.Debug|Any CPU.ActiveCfg = Debug|Any CPU
		{3A2F9689-C1C5-4E57-8E09-837042E1F2C3}.Debug|Any CPU.Build.0 = Debug|Any CPU
		{3A2F9689-C1C5-4E57-8E09-837042E1F2C3}.Release|Any CPU.ActiveCfg = Release|Any CPU
		{3A2F9689-C1C5-4E57-8E09-837042E1F2C3}.Release|Any CPU.Build.0 = Release|Any CPU
		{AFEC3ED6-E4FF-40BD-B5F0-E697FB0A78BD}.Debug|Any CPU.ActiveCfg = Debug|Any CPU
		{AFEC3ED6-E4FF-40BD-B5F0-E697FB0A78BD}.Debug|Any CPU.Build.0 = Debug|Any CPU
		{AFEC3ED6-E4FF-40BD-B5F0-E697FB0A78BD}.Release|Any CPU.ActiveCfg = Release|Any CPU
		{AFEC3ED6-E4FF-40BD-B5F0-E697FB0A78BD}.Release|Any CPU.Build.0 = Release|Any CPU
	EndGlobalSection
	GlobalSection(SolutionProperties) = preSolution
		HideSolutionNode = FALSE
	EndGlobalSection
	GlobalSection(ExtensibilityGlobals) = postSolution
		SolutionGuid = {569B9BC8-5FE6-4D08-83C0-EC4BC9C86C91}
	EndGlobalSection
EndGlobal
